
Microsoft Visual Studio Solution File, Format Version 12.00
# Visual Studio Version 16
VisualStudioVersion = 16.0.29519.87
MinimumVisualStudioVersion = 10.0.40219.1
Project("{FAE04EC0-301F-11D3-BF4B-00C04F79EFBC}") = "SnakeProject", "WindowsFormsApp1\SnakeProject.csproj", "{DB188304-4F9F-419E-96DF-CDAC9B70AC93}"
EndProject
Global
	GlobalSection(SolutionConfigurationPlatforms) = preSolution
		Debug|Any CPU = Debug|Any CPU
		Release|Any CPU = Release|Any CPU
	EndGlobalSection
	GlobalSection(ProjectConfigurationPlatforms) = postSolution
		{DB188304-4F9F-419E-96DF-CDAC9B70AC93}.Debug|Any CPU.ActiveCfg = Debug|Any CPU
		{DB188304-4F9F-419E-96DF-CDAC9B70AC93}.Debug|Any CPU.Build.0 = Debug|Any CPU
		{DB188304-4F9F-419E-96DF-CDAC9B70AC93}.Release|Any CPU.ActiveCfg = Release|Any CPU
		{DB188304-4F9F-419E-96DF-CDAC9B70AC93}.Release|Any CPU.Build.0 = Release|Any CPU
	EndGlobalSection
	GlobalSection(SolutionProperties) = preSolution
		HideSolutionNode = FALSE
	EndGlobalSection
	GlobalSection(ExtensibilityGlobals) = postSolution
		SolutionGuid = {76052182-7963-476C-AB7D-92DF03FC09A5}
	EndGlobalSection
EndGlobal
